{
  "version": 4,
  "terraform_version": "0.12.16",
  "serial": 17,
  "lineage": "16ab5d0c-55c9-112f-1f0e-c1cfcb03d05c",
  "outputs": {
    "public_ip": {
      "value": "18.214.74.109",
      "type": "string"
    }
  },
  "resources": [
    {
      "mode": "data",
      "type": "aws_ami",
      "name": "latest_wp",
      "provider": "provider.aws",
      "instances": [
        {
          "schema_version": 0,
          "attributes": {
            "architecture": "x86_64",
            "block_device_mappings": [
              {
                "device_name": "/dev/sda1",
                "ebs": {
                  "delete_on_termination": "false",
                  "encrypted": "false",
                  "iops": "0",
                  "snapshot_id": "snap-070635c2cf4e54ea3",
                  "volume_size": "8",
                  "volume_type": "gp2"
                },
                "no_device": "",
                "virtual_name": ""
              }
            ],
            "creation_date": "2019-11-27T18:28:11.000Z",
            "description": null,
            "executable_users": null,
            "filter": [
              {
                "name": "state",
                "values": [
                  "available"
                ]
              },
              {
                "name": "tag:Name",
                "values": [
                  "wp_img"
                ]
              }
            ],
            "hypervisor": "xen",
            "id": "ami-0fdc0f6381202ab6a",
            "image_id": "ami-0fdc0f6381202ab6a",
            "image_location": "179966331834/wp_server_1574879116",
            "image_owner_alias": null,
            "image_type": "machine",
            "kernel_id": null,
            "most_recent": true,
            "name": "wp_server_1574879116",
            "name_regex": null,
            "owner_id": "179966331834",
            "owners": [
              "179966331834"
            ],
            "platform": null,
            "product_codes": [
              {
                "product_code_id": "aw0evgkw8e5c1q413zgy5pjce",
                "product_code_type": "marketplace"
              }
            ],
            "public": false,
            "ramdisk_id": null,
            "root_device_name": "/dev/sda1",
            "root_device_type": "ebs",
            "root_snapshot_id": "snap-070635c2cf4e54ea3",
            "sriov_net_support": "simple",
            "state": "available",
            "state_reason": {
              "code": "UNSET",
              "message": "UNSET"
            },
            "tags": {
              "Name": "wp_img"
            },
            "virtualization_type": "hvm"
          }
        }
      ]
    },
    {
      "mode": "managed",
      "type": "aws_eip",
      "name": "elasticip_wp",
      "provider": "provider.aws",
      "instances": [
        {
          "schema_version": 0,
          "attributes": {
            "allocation_id": null,
            "associate_with_private_ip": null,
            "association_id": "eipassoc-09360e6f06a5669b8",
            "domain": "vpc",
            "id": "eipalloc-0cd413fa84077e189",
            "instance": "i-05bce69cf8c6c39aa",
            "network_interface": "eni-01ee4d081f6b206ae",
            "private_dns": "ip-172-16-10-237.ec2.internal",
            "private_ip": "172.16.10.237",
            "public_dns": "ec2-18-214-74-109.compute-1.amazonaws.com",
            "public_ip": "18.214.74.109",
            "public_ipv4_pool": "amazon",
            "tags": {},
            "timeouts": null,
            "vpc": true
          },
          "private": "eyJlMmJmYjczMC1lY2FhLTExZTYtOGY4OC0zNDM2M2JjN2M0YzAiOnsiZGVsZXRlIjoxODAwMDAwMDAwMDAsInJlYWQiOjkwMDAwMDAwMDAwMCwidXBkYXRlIjozMDAwMDAwMDAwMDB9fQ=="
        }
      ]
    },
    {
      "mode": "managed",
      "type": "aws_eip_association",
      "name": "associationip_wp",
      "provider": "provider.aws",
      "instances": [
        {
          "schema_version": 0,
          "attributes": {
            "allocation_id": "eipalloc-0cd413fa84077e189",
            "allow_reassociation": null,
            "id": "eipassoc-09360e6f06a5669b8",
            "instance_id": "i-05bce69cf8c6c39aa",
            "network_interface_id": "eni-01ee4d081f6b206ae",
            "private_ip_address": "172.16.10.237",
            "public_ip": "18.214.74.109"
          },
          "private": "bnVsbA==",
          "dependencies": [
            "aws_eip.elasticip_wp",
            "aws_instance.wp_server",
            "aws_key_pair.ssh_default",
            "aws_security_group.security_wp",
            "aws_subnet.subnet_wp",
            "aws_vpc.vpc_wp"
          ]
        }
      ]
    },
    {
      "mode": "managed",
      "type": "aws_instance",
      "name": "wp_server",
      "provider": "provider.aws",
      "instances": [
        {
          "schema_version": 1,
          "attributes": {
            "ami": "ami-0fdc0f6381202ab6a",
            "arn": "arn:aws:ec2:us-east-1:179966331834:instance/i-05bce69cf8c6c39aa",
            "associate_public_ip_address": true,
            "availability_zone": "us-east-1a",
            "cpu_core_count": 1,
            "cpu_threads_per_core": 1,
            "credit_specification": [
              {
                "cpu_credits": "standard"
              }
            ],
            "disable_api_termination": false,
            "ebs_block_device": [],
            "ebs_optimized": false,
            "ephemeral_block_device": [],
            "get_password_data": false,
            "host_id": null,
            "iam_instance_profile": "",
            "id": "i-05bce69cf8c6c39aa",
            "instance_initiated_shutdown_behavior": null,
            "instance_state": "running",
            "instance_type": "t2.micro",
            "ipv6_address_count": 0,
            "ipv6_addresses": [],
            "key_name": "wp_ssh",
            "monitoring": false,
            "network_interface": [],
            "network_interface_id": null,
            "password_data": "",
            "placement_group": "",
            "primary_network_interface_id": "eni-01ee4d081f6b206ae",
            "private_dns": "ip-172-16-10-237.ec2.internal",
            "private_ip": "172.16.10.237",
            "public_dns": "ec2-18-214-74-109.compute-1.amazonaws.com",
            "public_ip": "18.214.74.109",
            "root_block_device": [
              {
                "delete_on_termination": false,
                "encrypted": false,
                "iops": 100,
                "kms_key_id": "",
                "volume_id": "vol-029aef5f42f7cac32",
                "volume_size": 8,
                "volume_type": "gp2"
              }
            ],
            "security_groups": [],
            "source_dest_check": true,
            "subnet_id": "subnet-0997257d361829143",
            "tags": {
              "Name": "wp_server"
            },
            "tenancy": "default",
            "timeouts": null,
            "user_data": null,
            "user_data_base64": null,
            "volume_tags": {},
            "vpc_security_group_ids": [
              "sg-0dc3ac228c0265548"
            ]
          },
          "private": "eyJlMmJmYjczMC1lY2FhLTExZTYtOGY4OC0zNDM2M2JjN2M0YzAiOnsiY3JlYXRlIjo2MDAwMDAwMDAwMDAsImRlbGV0ZSI6MTIwMDAwMDAwMDAwMCwidXBkYXRlIjo2MDAwMDAwMDAwMDB9LCJzY2hlbWFfdmVyc2lvbiI6IjEifQ==",
          "dependencies": [
            "aws_key_pair.ssh_default",
            "aws_security_group.security_wp",
            "aws_subnet.subnet_wp",
            "aws_vpc.vpc_wp"
          ]
        }
      ]
    },
    {
      "mode": "managed",
      "type": "aws_internet_gateway",
      "name": "gateway_wp",
      "provider": "provider.aws",
      "instances": [
        {
          "schema_version": 0,
          "attributes": {
            "id": "igw-008c8fa0b6875c252",
            "owner_id": "179966331834",
            "tags": {
              "Name": "Gateway WP"
            },
            "vpc_id": "vpc-09bdd8e529775af9a"
          },
          "private": "bnVsbA==",
          "dependencies": [
            "aws_vpc.vpc_wp"
          ]
        }
      ]
    },
    {
      "mode": "managed",
      "type": "aws_key_pair",
      "name": "ssh_default",
      "provider": "provider.aws",
      "instances": [
        {
          "schema_version": 1,
          "attributes": {
            "fingerprint": "d0:06:c1:51:56:44:6c:91:db:32:2a:90:dc:fe:ee:5f",
            "id": "wp_ssh",
            "key_name": "wp_ssh",
            "key_name_prefix": null,
            "public_key": "ssh-rsa AAAAB3NzaC1yc2EAAAADAQABAAABgQCq84AasNpR+8OPuLPqrJ6lVNUayqdrNuBHJk/yZNS1/gDr1iY7wlJsLi7bjLW2X6sw/X+cAMIhOY0MqmZyAHRSrcoO6aKHydlCYN77Hl8SxeORA51coAV5DkH7BmB3pBpxP0Q+gAL6ypOwIMsDzAUU0FDAjMV+oFEATa3oKkU24EmLyE91Nok9w53I/1N8YBXYPt2Tz7OB93MeJqTdsiQ5r5+uAUrgu8NDgRhvFEG0jx5FPJ3knJhmDrl0ogi4bgQ/xbFN6uy2ZwowXqAXImPUZ1Gpahg9U/Ycg58CYnwB3RX1pWB+OdBib8sjjz07+tB06JTOpoAl3mXLEz7q1oRNe2/bPPlO64c1R2GCIl5vzqLCfuVdWWsEMu0e7Db5WXVvK8yb2k3c4jv2MrKiqJ8npHoDvbm41kuHOipWRBbPIu5wi9+V3zBkO2rW0u8nLNH5SR0RHEdnESqNHFbyj6XagB3+qlgWxY2feSMlIcOBIgj6MYDJ6YR0qq6r4D+l268= aws_terraform_ssh_key"
          },
          "private": "eyJzY2hlbWFfdmVyc2lvbiI6IjEifQ=="
        }
      ]
    },
    {
      "mode": "managed",
      "type": "aws_route53_record",
      "name": "www_wp",
      "provider": "provider.aws",
      "instances": [
        {
          "schema_version": 2,
          "attributes": {
            "alias": [],
            "allow_overwrite": null,
            "failover_routing_policy": [],
            "fqdn": "www.matiswoodenplanet.com",
            "geolocation_routing_policy": [],
            "health_check_id": "",
            "id": "Z1AU5OJEHZG8F9_www.matiswoodenplanet.com_A",
            "latency_routing_policy": [],
            "multivalue_answer_routing_policy": null,
            "name": "www.matiswoodenplanet.com",
            "records": [
              "18.214.74.109"
            ],
            "set_identifier": "",
            "ttl": 300,
            "type": "A",
            "weighted_routing_policy": [],
            "zone_id": "Z1AU5OJEHZG8F9"
          },
          "private": "eyJzY2hlbWFfdmVyc2lvbiI6IjIifQ==",
          "dependencies": [
            "aws_eip.elasticip_wp",
            "aws_route53_zone.route53_wp"
          ]
        }
      ]
    },
    {
      "mode": "managed",
      "type": "aws_route53_zone",
      "name": "route53_wp",
      "provider": "provider.aws",
      "instances": [
        {
          "schema_version": 0,
          "attributes": {
            "comment": "Managed by Terraform",
            "delegation_set_id": "",
            "force_destroy": false,
            "id": "Z1AU5OJEHZG8F9",
            "name": "matiswoodenplanet.com.",
            "name_servers": [
              "ns-1433.awsdns-51.org",
              "ns-1796.awsdns-32.co.uk",
              "ns-486.awsdns-60.com",
              "ns-938.awsdns-53.net"
            ],
            "tags": {},
            "vpc": [],
            "vpc_id": null,
            "vpc_region": null,
            "zone_id": "Z1AU5OJEHZG8F9"
          },
          "private": "bnVsbA=="
        }
      ]
    },
    {
      "mode": "managed",
      "type": "aws_route_table",
      "name": "default_route",
      "provider": "provider.aws",
      "instances": [
        {
          "schema_version": 0,
          "attributes": {
            "id": "rtb-0093c64f316c32212",
            "owner_id": "179966331834",
            "propagating_vgws": [],
            "route": [
              {
                "cidr_block": "0.0.0.0/0",
                "egress_only_gateway_id": "",
                "gateway_id": "igw-008c8fa0b6875c252",
                "instance_id": "",
                "ipv6_cidr_block": "",
                "nat_gateway_id": "",
                "network_interface_id": "",
                "transit_gateway_id": "",
                "vpc_peering_connection_id": ""
              }
            ],
            "tags": {
              "Name": "Public WP"
            },
            "vpc_id": "vpc-09bdd8e529775af9a"
          },
          "private": "bnVsbA==",
          "dependencies": [
            "aws_internet_gateway.gateway_wp",
            "aws_vpc.vpc_wp"
          ]
        }
      ]
    },
    {
      "mode": "managed",
      "type": "aws_route_table_association",
      "name": "public_wp",
      "provider": "provider.aws",
      "instances": [
        {
          "schema_version": 0,
          "attributes": {
            "id": "rtbassoc-01a73dd8c1ec20188",
            "route_table_id": "rtb-0093c64f316c32212",
            "subnet_id": "subnet-0997257d361829143"
          },
          "private": "bnVsbA==",
          "dependencies": [
            "aws_internet_gateway.gateway_wp",
            "aws_route_table.default_route",
            "aws_subnet.subnet_wp",
            "aws_vpc.vpc_wp"
          ]
        }
      ]
    },
    {
      "mode": "managed",
      "type": "aws_security_group",
      "name": "security_wp",
      "provider": "provider.aws",
      "instances": [
        {
          "schema_version": 1,
          "attributes": {
            "arn": "arn:aws:ec2:us-east-1:179966331834:security-group/sg-0dc3ac228c0265548",
            "description": "Allow connection",
            "egress": [
              {
                "cidr_blocks": [
                  "0.0.0.0/0"
                ],
                "description": "",
                "from_port": 0,
                "ipv6_cidr_blocks": [],
                "prefix_list_ids": [],
                "protocol": "-1",
                "security_groups": [],
                "self": false,
                "to_port": 0
              }
            ],
            "id": "sg-0dc3ac228c0265548",
            "ingress": [
              {
                "cidr_blocks": [
                  "0.0.0.0/0"
                ],
                "description": "",
                "from_port": 21,
                "ipv6_cidr_blocks": [],
                "prefix_list_ids": [],
                "protocol": "tcp",
                "security_groups": [],
                "self": false,
                "to_port": 21
              },
              {
                "cidr_blocks": [
                  "0.0.0.0/0"
                ],
                "description": null,
                "from_port": 22,
                "ipv6_cidr_blocks": [],
                "prefix_list_ids": [],
                "protocol": "tcp",
                "security_groups": [],
                "self": false,
                "to_port": 22
              },
              {
                "cidr_blocks": [
                  "0.0.0.0/0"
                ],
                "description": null,
                "from_port": 443,
                "ipv6_cidr_blocks": [],
                "prefix_list_ids": [],
                "protocol": "tcp",
                "security_groups": [],
                "self": false,
                "to_port": 443
              },
              {
                "cidr_blocks": [
                  "0.0.0.0/0"
                ],
                "description": null,
                "from_port": 80,
                "ipv6_cidr_blocks": [],
                "prefix_list_ids": [],
                "protocol": "tcp",
                "security_groups": [],
                "self": false,
                "to_port": 80
              }
            ],
            "name": "Security Group - WP",
            "name_prefix": null,
            "owner_id": "179966331834",
            "revoke_rules_on_delete": false,
            "tags": {},
            "timeouts": null,
            "vpc_id": "vpc-09bdd8e529775af9a"
          },
          "private": "eyJlMmJmYjczMC1lY2FhLTExZTYtOGY4OC0zNDM2M2JjN2M0YzAiOnsiY3JlYXRlIjo2MDAwMDAwMDAwMDAsImRlbGV0ZSI6NjAwMDAwMDAwMDAwfSwic2NoZW1hX3ZlcnNpb24iOiIxIn0=",
          "dependencies": [
            "aws_vpc.vpc_wp"
          ]
        }
      ]
    },
    {
      "mode": "managed",
      "type": "aws_subnet",
      "name": "subnet_wp",
      "provider": "provider.aws",
      "instances": [
        {
          "schema_version": 1,
          "attributes": {
            "arn": "arn:aws:ec2:us-east-1:179966331834:subnet/subnet-0997257d361829143",
            "assign_ipv6_address_on_creation": false,
            "availability_zone": "us-east-1a",
            "availability_zone_id": "use1-az1",
            "cidr_block": "172.16.10.0/24",
            "id": "subnet-0997257d361829143",
            "ipv6_cidr_block": "",
            "ipv6_cidr_block_association_id": "",
            "map_public_ip_on_launch": false,
            "owner_id": "179966331834",
            "tags": {
              "Name": "wp_public_subnet"
            },
            "timeouts": null,
            "vpc_id": "vpc-09bdd8e529775af9a"
          },
          "private": "eyJlMmJmYjczMC1lY2FhLTExZTYtOGY4OC0zNDM2M2JjN2M0YzAiOnsiY3JlYXRlIjo2MDAwMDAwMDAwMDAsImRlbGV0ZSI6MTIwMDAwMDAwMDAwMH0sInNjaGVtYV92ZXJzaW9uIjoiMSJ9",
          "dependencies": [
            "aws_vpc.vpc_wp"
          ]
        }
      ]
    },
    {
      "mode": "managed",
      "type": "aws_vpc",
      "name": "vpc_wp",
      "provider": "provider.aws",
      "instances": [
        {
          "schema_version": 1,
          "attributes": {
            "arn": "arn:aws:ec2:us-east-1:179966331834:vpc/vpc-09bdd8e529775af9a",
            "assign_generated_ipv6_cidr_block": false,
            "cidr_block": "172.16.0.0/16",
            "default_network_acl_id": "acl-08212b27ed3a38e4c",
            "default_route_table_id": "rtb-085b849075c80811b",
            "default_security_group_id": "sg-056cbe62cd839e589",
            "dhcp_options_id": "dopt-d5d038ae",
            "enable_classiclink": false,
            "enable_classiclink_dns_support": false,
            "enable_dns_hostnames": true,
            "enable_dns_support": true,
            "id": "vpc-09bdd8e529775af9a",
            "instance_tenancy": "default",
            "ipv6_association_id": "",
            "ipv6_cidr_block": "",
            "main_route_table_id": "rtb-085b849075c80811b",
            "owner_id": "179966331834",
            "tags": {
              "Name": "VPC WP Instance"
            }
          },
          "private": "eyJzY2hlbWFfdmVyc2lvbiI6IjEifQ=="
        }
      ]
    }
  ]
}
